NeoBundleLock neobundle.vim 1306c131ff0a6cc094b7ff0727350e442b5427f1
NeoBundleLock vim-autoclose a9a3b7384657bc1f60a963fd6c08c63fc48d61c3
NeoBundleLock vim-javascript 7cc6baebaf0065fd8c31cc9216c87bfa543eb71a
NeoBundleLock vim-jsdoc b23073449d1df98ecfe73828079115e0d1d7573b
NeoBundleLock vim-node ede047791792b9530ba1ae73ed86e9671cdd96b8
NeoBundleLock vim-quickrun 008dd08aad2a544938acbbcf7cee6d3735ebd2fb
